[[package]]
name = "cargo-foreach"
version = "1.0.3"
dependencies = [
 "getopt 1.1.6 (registry+https://github.com/rust-lang/crates.io-index)",
 "program 1.0.2 (git+git://git.dragonma.us/rust/program)",
]

[[package]]
name = "getopt"
version = "1.1.6"
source = "registry+https://github.com/rust-lang/crates.io-index"

[[package]]
name = "program"
version = "1.0.2"
source = "git+git://git.dragonma.us/rust/program#f65a78fc5db0238c23034629379716467f8a928e"

[metadata]
"checksum getopt 1.1.6 (registry+https://github.com/rust-lang/crates.io-index)" = "d57b4e23f9bedcedbf1538cb994cd91e122ba0d0216986b716511db81dd42807"
"checksum program 1.0.2 (git+git://git.dragonma.us/rust/program)" = "<none>"
